
Microsoft Visual Studio Solution File, Format Version 12.00
# Visual Studio Version 17
VisualStudioVersion = 17.11.35312.102
MinimumVisualStudioVersion = 10.0.40219.1
Project("{8BC9CEB8-8B4A-11D0-8D11-00A0C91BC942}") = "phkl", "phkl.vcxproj", "{27271FC7-F0B6-42B9-AB93-ED8D2C3C176B}"
EndProject
Global
	GlobalSection(SolutionConfigurationPlatforms) = preSolution
		Debug|x64 = Debug|x64
		Debug|x86 = Debug|x86
		Release|x64 = Release|x64
		Release|x86 = Release|x86
	EndGlobalSection
	GlobalSection(ProjectConfigurationPlatforms) = postSolution
		{27271FC7-F0B6-42B9-AB93-ED8D2C3C176B}.Debug|x64.ActiveCfg = Debug|x64
		{27271FC7-F0B6-42B9-AB93-ED8D2C3C176B}.Debug|x64.Build.0 = Debug|x64
		{27271FC7-F0B6-42B9-AB93-ED8D2C3C176B}.Debug|x86.ActiveCfg = Debug|Win32
		{27271FC7-F0B6-42B9-AB93-ED8D2C3C176B}.Debug|x86.Build.0 = Debug|Win32
		{27271FC7-F0B6-42B9-AB93-ED8D2C3C176B}.Release|x64.ActiveCfg = Release|x64
		{27271FC7-F0B6-42B9-AB93-ED8D2C3C176B}.Release|x64.Build.0 = Release|x64
		{27271FC7-F0B6-42B9-AB93-ED8D2C3C176B}.Release|x86.ActiveCfg = Release|Win32
		{27271FC7-F0B6-42B9-AB93-ED8D2C3C176B}.Release|x86.Build.0 = Release|Win32
	EndGlobalSection
	GlobalSection(SolutionProperties) = preSolution
		HideSolutionNode = FALSE
	EndGlobalSection
	GlobalSection(ExtensibilityGlobals) = postSolution
		SolutionGuid = {2259EC0B-CF12-425C-B3E7-12231CF4BF77}
	EndGlobalSection
EndGlobal
